
Microsoft Visual Studio Solution File, Format Version 12.00
# Visual Studio 2013
VisualStudioVersion = 12.0.31101.0
MinimumVisualStudioVersion = 10.0.40219.1
Project("{FAE04EC0-301F-11D3-BF4B-00C04F79EFBC}") = "GenericPayment", "GenericPayment\GenericPayment.csproj", "{5686484E-D61E-49A6-B5FA-C11371345A03}"
EndProject
Project("{FAE04EC0-301F-11D3-BF4B-00C04F79EFBC}") = "GenericPayment.TestApp", "GenericPayment.TestApp\GenericPayment.TestApp.csproj", "{186CF1A8-962D-4C3A-AF6B-48E40800192B}"
EndProject
Global
	GlobalSection(SolutionConfigurationPlatforms) = preSolution
		Debug|Any CPU = Debug|Any CPU
		Release|Any CPU = Release|Any CPU
	EndGlobalSection
	GlobalSection(ProjectConfigurationPlatforms) = postSolution
		{5686484E-D61E-49A6-B5FA-C11371345A03}.Debug|Any CPU.ActiveCfg = Debug|Any CPU
		{5686484E-D61E-49A6-B5FA-C11371345A03}.Debug|Any CPU.Build.0 = Debug|Any CPU
		{5686484E-D61E-49A6-B5FA-C11371345A03}.Release|Any CPU.ActiveCfg = Release|Any CPU
		{5686484E-D61E-49A6-B5FA-C11371345A03}.Release|Any CPU.Build.0 = Release|Any CPU
		{186CF1A8-962D-4C3A-AF6B-48E40800192B}.Debug|Any CPU.ActiveCfg = Debug|Any CPU
		{186CF1A8-962D-4C3A-AF6B-48E40800192B}.Debug|Any CPU.Build.0 = Debug|Any CPU
		{186CF1A8-962D-4C3A-AF6B-48E40800192B}.Release|Any CPU.ActiveCfg = Release|Any CPU
		{186CF1A8-962D-4C3A-AF6B-48E40800192B}.Release|Any CPU.Build.0 = Release|Any CPU
	EndGlobalSection
	GlobalSection(SolutionProperties) = preSolution
		HideSolutionNode = FALSE
	EndGlobalSection
EndGlobal
